
Microsoft Visual Studio Solution File, Format Version 12.00
# Visual Studio 14
VisualStudioVersion = 14.0.25420.1
MinimumVisualStudioVersion = 10.0.40219.1
Project("{2150E333-8FDC-42A3-9474-1A3956D46DE8}") = "src", "src", "{7D098297-4D9C-426E-93E3-4587F47EEDDE}"
EndProject
Project("{2150E333-8FDC-42A3-9474-1A3956D46DE8}") = "Solution Items", "Solution Items", "{7DAB9D7B-874E-4C4F-82BA-D04D4AD0ADBE}"
	ProjectSection(SolutionItems) = preProject
		global.json = global.json
	EndProjectSection
EndProject
Project("{8BB2217D-0F2D-49D1-97BC-3654ED321F3B}") = "MH-Engine", "src\MH-Engine\MH-Engine.xproj", "{F57262EB-3E3B-4548-B63C-334F7535E625}"
EndProject
Global
	GlobalSection(SolutionConfigurationPlatforms) = preSolution
		Debug|Any CPU = Debug|Any CPU
		Release|Any CPU = Release|Any CPU
	EndGlobalSection
	GlobalSection(ProjectConfigurationPlatforms) = postSolution
		{F57262EB-3E3B-4548-B63C-334F7535E625}.Debug|Any CPU.ActiveCfg = Debug|Any CPU
		{F57262EB-3E3B-4548-B63C-334F7535E625}.Debug|Any CPU.Build.0 = Debug|Any CPU
		{F57262EB-3E3B-4548-B63C-334F7535E625}.Release|Any CPU.ActiveCfg = Release|Any CPU
		{F57262EB-3E3B-4548-B63C-334F7535E625}.Release|Any CPU.Build.0 = Release|Any CPU
	EndGlobalSection
	GlobalSection(SolutionProperties) = preSolution
		HideSolutionNode = FALSE
	EndGlobalSection
	GlobalSection(NestedProjects) = preSolution
		{F57262EB-3E3B-4548-B63C-334F7535E625} = {7D098297-4D9C-426E-93E3-4587F47EEDDE}
	EndGlobalSection
EndGlobal
